Microsoft Visual Studio Solution File, Format Version 12.00
# Visual Studio Version 17
VisualStudioVersion = 17.5.2.0
MinimumVisualStudioVersion = 10.0.40219.1
Project("{FAE04EC0-301F-11D3-BF4B-00C04F79EFBC}") = "CryptoDepositApp", "CryptoDepositApp.csproj", "{C99DE47B-7B67-3935-79B3-C8DCF1D2C78D}"
EndProject
Global
	GlobalSection(SolutionConfigurationPlatforms) = preSolution
		Debug|Any CPU = Debug|Any CPU
		Release|Any CPU = Release|Any CPU
	EndGlobalSection
	GlobalSection(ProjectConfigurationPlatforms) = postSolution
		{C99DE47B-7B67-3935-79B3-C8DCF1D2C78D}.Debug|Any CPU.ActiveCfg = Debug|Any CPU
		{C99DE47B-7B67-3935-79B3-C8DCF1D2C78D}.Debug|Any CPU.Build.0 = Debug|Any CPU
		{C99DE47B-7B67-3935-79B3-C8DCF1D2C78D}.Release|Any CPU.ActiveCfg = Release|Any CPU
		{C99DE47B-7B67-3935-79B3-C8DCF1D2C78D}.Release|Any CPU.Build.0 = Release|Any CPU
	EndGlobalSection
	GlobalSection(SolutionProperties) = preSolution
		HideSolutionNode = FALSE
	EndGlobalSection
	GlobalSection(ExtensibilityGlobals) = postSolution
		SolutionGuid = {523AAC80-975A-4FBF-BCB5-6C4D1BB67123}
	EndGlobalSection
EndGlobal
